// !$*UTF8*$!
{
	archiveVersion = 1;
	classes = {
	};
	objectVersion = 46;
	objects = {

/* Begin PBXBuildFile section */
		B00294561F268AFB005B2352 /* Scrapbooks.xcdatamodel in Sources */ = {isa = PBXBuildFile; fileRef = B00294551F268AFB005B2352 /* Scrapbooks.xcdatamodel */; };
		B00294691F268DF3005B2352 /* FileSystemHelper.swift in Sources */ = {isa = PBXBuildFile; fileRef = B00294681F268DF3005B2352 /* FileSystemHelper.swift */; };
		B002946B1F268FD0005B2352 /* CoreDataStack.swift in Sources */ = {isa = PBXBuildFile; fileRef = B002946A1F268FD0005B2352 /* CoreDataStack.swift */; };
		B00294701F26904B005B2352 /* Scrapbook+CoreDataClass.swift in Sources */ = {isa = PBXBuildFile; fileRef = B002946C1F26904B005B2352 /* Scrapbook+CoreDataClass.swift */; };
		B00294721F26904B005B2352 /* Moment+CoreDataClass.swift in Sources */ = {isa = PBXBuildFile; fileRef = B002946E1F26904B005B2352 /* Moment+CoreDataClass.swift */; };
		B01518031F2A812400CF1614 /* Scrapbook.storyboard in Resources */ = {isa = PBXBuildFile; fileRef = B01518021F2A812400CF1614 /* Scrapbook.storyboard */; };
		B023B2B21F21339A00A7A0AB /* ScrapbookViewCell.swift in Sources */ = {isa = PBXBuildFile; fileRef = B023B2B11F21339A00A7A0AB /* ScrapbookViewCell.swift */; };
		B04B6B1C1F22E34B0007892D /* Constants.swift in Sources */ = {isa = PBXBuildFile; fileRef = B04B6B1B1F22E34B0007892D /* Constants.swift */; };
		B04B6B1E1F22E3590007892D /* LibraryViewController.swift in Sources */ = {isa = PBXBuildFile; fileRef = B04B6B1D1F22E3590007892D /* LibraryViewController.swift */; };
		B07150CA1F27A03600866DEE /* Moment+CoreDataProperties.swift in Sources */ = {isa = PBXBuildFile; fileRef = B07150C81F27A03600866DEE /* Moment+CoreDataProperties.swift */; };
		B07150D61F27CA8C00866DEE /* Scrapbook+CoreDataProperties.swift in Sources */ = {isa = PBXBuildFile; fileRef = B07150D51F27CA8C00866DEE /* Scrapbook+CoreDataProperties.swift */; };
		B0DD40531F214EAA009F4274 /* Main.storyboard in Resources */ = {isa = PBXBuildFile; fileRef = B0DD40521F214EAA009F4274 /* Main.storyboard */; };
		E729FF0E1F341B6C009776BE /* BookViewController.swift in Sources */ = {isa = PBXBuildFile; fileRef = E729FF0A1F341B6C009776BE /* BookViewController.swift */; };
		E729FF0F1F341B6C009776BE /* MomentTableViewController.swift in Sources */ = {isa = PBXBuildFile; fileRef = E729FF0B1F341B6C009776BE /* MomentTableViewController.swift */; };
		E729FF101F341B6C009776BE /* MomentViewController.swift in Sources */ = {isa = PBXBuildFile; fileRef = E729FF0D1F341B6C009776BE /* MomentViewController.swift */; };
		E729FF121F341C4D009776BE /* MomentTableViewCell.swift in Sources */ = {isa = PBXBuildFile; fileRef = E729FF111F341C4D009776BE /* MomentTableViewCell.swift */; };
		E729FF161F3424A2009776BE /* Colours.swift in Sources */ = {isa = PBXBuildFile; fileRef = E729FF151F3424A2009776BE /* Colours.swift */; };
		E729FF191F34260A009776BE /* Fonts.swift in Sources */ = {isa = PBXBuildFile; fileRef = E729FF181F34260A009776BE /* Fonts.swift */; };
		E729FF1B1F342773009776BE /* ViewCustomizer .swift in Sources */ = {isa = PBXBuildFile; fileRef = E729FF1A1F342773009776BE /* ViewCustomizer .swift */; };
		E76188491DE0F6CD00589ECC /* AppDelegate.swift in Sources */ = {isa = PBXBuildFile; fileRef = E76188481DE0F6CD00589ECC /* AppDelegate.swift */; };
		E76188501DE0F6CD00589ECC /* Assets.xcassets in Resources */ = {isa = PBXBuildFile; fileRef = E761884F1DE0F6CD00589ECC /* Assets.xcassets */; };
		E7F9003B1F3D3FF9000D6054 /* ModelProtocols.swift in Sources */ = {isa = PBXBuildFile; fileRef = E7F9003A1F3D3FF9000D6054 /* ModelProtocols.swift */; };
/* End PBXBuildFile section */

/* Begin PBXFileReference section */
		B00294551F268AFB005B2352 /* Scrapbooks.xcdatamodel */ = {isa = PBXFileReference; lastKnownFileType = wrapper.xcdatamodel; path = Scrapbooks.xcdatamodel; sourceTree = "<group>"; };
		B00294681F268DF3005B2352 /* FileSystemHelper.swift */ = {isa = PBXFileReference; fileEncoding = 4; lastKnownFileType = sourcecode.swift; path = FileSystemHelper.swift; sourceTree = "<group>"; };
		B002946A1F268FD0005B2352 /* CoreDataStack.swift */ = {isa = PBXFileReference; fileEncoding = 4; lastKnownFileType = sourcecode.swift; path = CoreDataStack.swift; sourceTree = "<group>"; };
		B002946C1F26904B005B2352 /* Scrapbook+CoreDataClass.swift */ = {isa = PBXFileReference; fileEncoding = 4; lastKnownFileType = sourcecode.swift; path = "Scrapbook+CoreDataClass.swift"; sourceTree = "<group>"; };
		B002946E1F26904B005B2352 /* Moment+CoreDataClass.swift */ = {isa = PBXFileReference; fileEncoding = 4; lastKnownFileType = sourcecode.swift; path = "Moment+CoreDataClass.swift"; sourceTree = "<group>"; };
		B01518021F2A812400CF1614 /* Scrapbook.storyboard */ = {isa = PBXFileReference; fileEncoding = 4; lastKnownFileType = file.storyboard; path = Scrapbook.storyboard; sourceTree = "<group>"; };
		B023B2B11F21339A00A7A0AB /* ScrapbookViewCell.swift */ = {isa = PBXFileReference; lastKnownFileType = sourcecode.swift; path = ScrapbookViewCell.swift; sourceTree = "<group>"; };
		B04B6B1B1F22E34B0007892D /* Constants.swift */ = {isa = PBXFileReference; fileEncoding = 4; lastKnownFileType = sourcecode.swift; name = Constants.swift; path = "Supporting Files/Constants.swift"; sourceTree = "<group>"; };
		B04B6B1D1F22E3590007892D /* LibraryViewController.swift */ = {isa = PBXFileReference; fileEncoding = 4; lastKnownFileType = sourcecode.swift; name = LibraryViewController.swift; path = "Controllers/Multi-Scrapbook-Controllers/LibraryViewController.swift"; sourceTree = "<group>"; };
		B07150C81F27A03600866DEE /* Moment+CoreDataProperties.swift */ = {isa = PBXFileReference; fileEncoding = 4; lastKnownFileType = sourcecode.swift; path = "Moment+CoreDataProperties.swift"; sourceTree = "<group>"; };
		B07150D51F27CA8C00866DEE /* Scrapbook+CoreDataProperties.swift */ = {isa = PBXFileReference; fileEncoding = 4; lastKnownFileType = sourcecode.swift; path = "Scrapbook+CoreDataProperties.swift"; sourceTree = "<group>"; };
		B0DD404F1F214BC0009F4274 /* Info.plist */ = {isa = PBXFileReference; fileEncoding = 4; lastKnownFileType = text.plist.xml; path = Info.plist; sourceTree = "<group>"; };
		B0DD40521F214EAA009F4274 /* Main.storyboard */ = {isa = PBXFileReference; fileEncoding = 4; lastKnownFileType = file.storyboard; path = Main.storyboard; sourceTree = "<group>"; };
		E729FF0A1F341B6C009776BE /* BookViewController.swift */ = {isa = PBXFileReference; fileEncoding = 4; lastKnownFileType = sourcecode.swift; path = BookViewController.swift; sourceTree = "<group>"; };
		E729FF0B1F341B6C009776BE /* MomentTableViewController.swift */ = {isa = PBXFileReference; fileEncoding = 4; lastKnownFileType = sourcecode.swift; path = MomentTableViewController.swift; sourceTree = "<group>"; };
		E729FF0D1F341B6C009776BE /* MomentViewController.swift */ = {isa = PBXFileReference; fileEncoding = 4; lastKnownFileType = sourcecode.swift; path = MomentViewController.swift; sourceTree = "<group>"; };
		E729FF111F341C4D009776BE /* MomentTableViewCell.swift */ = {isa = PBXFileReference; fileEncoding = 4; lastKnownFileType = sourcecode.swift; path = MomentTableViewCell.swift; sourceTree = "<group>"; };
		E729FF151F3424A2009776BE /* Colours.swift */ = {isa = PBXFileReference; fileEncoding = 4; lastKnownFileType = sourcecode.swift; path = Colours.swift; sourceTree = "<group>"; };
		E729FF181F34260A009776BE /* Fonts.swift */ = {isa = PBXFileReference; fileEncoding = 4; lastKnownFileType = sourcecode.swift; name = Fonts.swift; path = Scrapbooks/Graphics/Font/Fonts.swift; sourceTree = SOURCE_ROOT; };
		E729FF1A1F342773009776BE /* ViewCustomizer .swift */ = {isa = PBXFileReference; fileEncoding = 4; lastKnownFileType = sourcecode.swift; path = "ViewCustomizer .swift"; sourceTree = "<group>"; };
		E76188451DE0F6CD00589ECC /* Scrapbooks.app */ = {isa = PBXFileReference; explicitFileType = wrapper.application; includeInIndex = 0; path = Scrapbooks.app; sourceTree = BUILT_PRODUCTS_DIR; };
		E76188481DE0F6CD00589ECC /* AppDelegate.swift */ = {isa = PBXFileReference; lastKnownFileType = sourcecode.swift; path = AppDelegate.swift; sourceTree = "<group>"; };
		E761884F1DE0F6CD00589ECC /* Assets.xcassets */ = {isa = PBXFileReference; lastKnownFileType = folder.assetcatalog; name = Assets.xcassets; path = Scrapbooks/Assets.xcassets; sourceTree = "<group>"; };
		E7F9003A1F3D3FF9000D6054 /* ModelProtocols.swift */ = {isa = PBXFileReference; fileEncoding = 4; lastKnownFileType = sourcecode.swift; path = ModelProtocols.swift; sourceTree = "<group>"; };
/* End PBXFileReference section */

/* Begin PBXFrameworksBuildPhase section */
		E76188421DE0F6CD00589ECC /* Frameworks */ = {
			isa = PBXFrameworksBuildPhase;
			buildActionMask = 2147483647;
			files = (
			);
			runOnlyForDeploymentPostprocessing = 0;
		};
/* End PBXFrameworksBuildPhase section */

/* Begin PBXGroup section */
		B00294521F268A9E005B2352 /* Core Data */ = {
			isa = PBXGroup;
			children = (
				B00294611F268BBC005B2352 /* Helpers */,
				B00294551F268AFB005B2352 /* Scrapbooks.xcdatamodel */,
				B002946A1F268FD0005B2352 /* CoreDataStack.swift */,
			);
			path = "Core Data";
			sourceTree = "<group>";
		};
		B00294611F268BBC005B2352 /* Helpers */ = {
			isa = PBXGroup;
			children = (
				B00294681F268DF3005B2352 /* FileSystemHelper.swift */,
			);
			path = Helpers;
			sourceTree = "<group>";
		};
		B01518011F2A7FFF00CF1614 /* Helpers */ = {
			isa = PBXGroup;
			children = (
			);
			name = Helpers;
			path = Views/Helper;
			sourceTree = "<group>";
		};
		B023B2AB1F21328A00A7A0AB /* Multi Scrapbook Controllers */ = {
			isa = PBXGroup;
			children = (
				B04B6B1D1F22E3590007892D /* LibraryViewController.swift */,
			);
			name = "Multi Scrapbook Controllers";
			sourceTree = "<group>";
		};
		B023B2B01F21338000A7A0AB /* Cells */ = {
			isa = PBXGroup;
			children = (
				B023B2B11F21339A00A7A0AB /* ScrapbookViewCell.swift */,
				E729FF111F341C4D009776BE /* MomentTableViewCell.swift */,
			);
			path = Cells;
			sourceTree = "<group>";
		};
		B0DD40511F214D68009F4274 /* Storyboards */ = {
			isa = PBXGroup;
			children = (
				B01518021F2A812400CF1614 /* Scrapbook.storyboard */,
				B0DD40521F214EAA009F4274 /* Main.storyboard */,
			);
			path = Storyboards;
			sourceTree = "<group>";
		};
		E729FF091F341B6C009776BE /* Single-Scrapbook-Controllers copy */ = {
			isa = PBXGroup;
			children = (
				E729FF0A1F341B6C009776BE /* BookViewController.swift */,
				E729FF0B1F341B6C009776BE /* MomentTableViewController.swift */,
				E729FF0C1F341B6C009776BE /* Single-Pages */,
			);
			name = "Single-Scrapbook-Controllers copy";
			path = "Controllers/Single-Scrapbook-Controllers copy";
			sourceTree = "<group>";
		};
		E729FF0C1F341B6C009776BE /* Single-Pages */ = {
			isa = PBXGroup;
			children = (
				E729FF0D1F341B6C009776BE /* MomentViewController.swift */,
			);
			path = "Single-Pages";
			sourceTree = "<group>";
		};
		E729FF131F342460009776BE /* Graphics */ = {
			isa = PBXGroup;
			children = (
				E729FF1A1F342773009776BE /* ViewCustomizer .swift */,
				E729FF171F3425BB009776BE /* Font */,
				E729FF141F342472009776BE /* Colour */,
			);
			path = Graphics;
			sourceTree = "<group>";
		};
		E729FF141F342472009776BE /* Colour */ = {
			isa = PBXGroup;
			children = (
				E729FF151F3424A2009776BE /* Colours.swift */,
			);
			path = Colour;
			sourceTree = "<group>";
		};
		E729FF171F3425BB009776BE /* Font */ = {
			isa = PBXGroup;
			children = (
				E729FF181F34260A009776BE /* Fonts.swift */,
			);
			name = Font;
			path = Fonts;
			sourceTree = "<group>";
		};
		E761883C1DE0F6CD00589ECC = {
			isa = PBXGroup;
			children = (
				B0DD404F1F214BC0009F4274 /* Info.plist */,
				E76188471DE0F6CD00589ECC /* Scrapbooks */,
				E761884F1DE0F6CD00589ECC /* Assets.xcassets */,
				E76188461DE0F6CD00589ECC /* Products */,
			);
			sourceTree = "<group>";
		};
		E76188461DE0F6CD00589ECC /* Products */ = {
			isa = PBXGroup;
			children = (
				E76188451DE0F6CD00589ECC /* Scrapbooks.app */,
			);
			name = Products;
			sourceTree = "<group>";
		};
		E76188471DE0F6CD00589ECC /* Scrapbooks */ = {
			isa = PBXGroup;
			children = (
				E729FF131F342460009776BE /* Graphics */,
				E76188481DE0F6CD00589ECC /* AppDelegate.swift */,
				B00294521F268A9E005B2352 /* Core Data */,
				E7D6540C1EED706C00A03F78 /* Models */,
				E7D654091EED704B00A03F78 /* Views */,
				E7D654081EED704700A03F78 /* Controllers */,
				E7D654071EED704500A03F78 /* Supporting Files */,
			);
			path = Scrapbooks;
			sourceTree = "<group>";
		};
		E7D654071EED704500A03F78 /* Supporting Files */ = {
			isa = PBXGroup;
			children = (
				B04B6B1B1F22E34B0007892D /* Constants.swift */,
			);
			name = "Supporting Files";
			sourceTree = "<group>";
		};
		E7D654081EED704700A03F78 /* Controllers */ = {
			isa = PBXGroup;
			children = (
				E729FF091F341B6C009776BE /* Single-Scrapbook-Controllers copy */,
				B023B2AB1F21328A00A7A0AB /* Multi Scrapbook Controllers */,
			);
			name = Controllers;
			sourceTree = "<group>";
		};
		E7D654091EED704B00A03F78 /* Views */ = {
			isa = PBXGroup;
			children = (
				B01518011F2A7FFF00CF1614 /* Helpers */,
				B0DD40511F214D68009F4274 /* Storyboards */,
				B023B2B01F21338000A7A0AB /* Cells */,
			);
			path = Views;
			sourceTree = "<group>";
		};
		E7D6540C1EED706C00A03F78 /* Models */ = {
			isa = PBXGroup;
			children = (
				B002946C1F26904B005B2352 /* Scrapbook+CoreDataClass.swift */,
				B07150D51F27CA8C00866DEE /* Scrapbook+CoreDataProperties.swift */,
				B002946E1F26904B005B2352 /* Moment+CoreDataClass.swift */,
				B07150C81F27A03600866DEE /* Moment+CoreDataProperties.swift */,
				E7F9003A1F3D3FF9000D6054 /* ModelProtocols.swift */,
			);
			path = Models;
			sourceTree = "<group>";
		};
/* End PBXGroup section */

/* Begin PBXNativeTarget section */
		E76188441DE0F6CD00589ECC /* Scrapbooks */ = {
			isa = PBXNativeTarget;
			buildConfigurationList = E76188621DE0F6CD00589ECC /* Build configuration list for PBXNativeTarget "Scrapbooks" */;
			buildPhases = (
				E76188411DE0F6CD00589ECC /* Sources */,
				E76188421DE0F6CD00589ECC /* Frameworks */,
				E76188431DE0F6CD00589ECC /* Resources */,
			);
			buildRules = (
			);
			dependencies = (
			);
			name = Scrapbooks;
			productName = Scrapbook;
			productReference = E76188451DE0F6CD00589ECC /* Scrapbooks.app */;
			productType = "com.apple.product-type.application";
		};
/* End PBXNativeTarget section */

/* Begin PBXProject section */
		E761883D1DE0F6CD00589ECC /* Project object */ = {
			isa = PBXProject;
			attributes = {
				LastSwiftUpdateCheck = 0810;
				LastUpgradeCheck = 0900;
				ORGANIZATIONNAME = "Alan Li";
				TargetAttributes = {
					E76188441DE0F6CD00589ECC = {
						CreatedOnToolsVersion = 8.1;
						DevelopmentTeam = 3L34B92962;
						LastSwiftMigration = 0900;
						ProvisioningStyle = Automatic;
					};
				};
			};
			buildConfigurationList = E76188401DE0F6CD00589ECC /* Build configuration list for PBXProject "Scrapbooks" */;
			compatibilityVersion = "Xcode 3.2";
			developmentRegion = English;
			hasScannedForEncodings = 0;
			knownRegions = (
				en,
				Base,
			);
			mainGroup = E761883C1DE0F6CD00589ECC;
			productRefGroup = E76188461DE0F6CD00589ECC /* Products */;
			projectDirPath = "";
			projectRoot = "";
			targets = (
				E76188441DE0F6CD00589ECC /* Scrapbooks */,
			);
		};
/* End PBXProject section */

/* Begin PBXResourcesBuildPhase section */
		E76188431DE0F6CD00589ECC /* Resources */ = {
			isa = PBXResourcesBuildPhase;
			buildActionMask = 2147483647;
			files = (
				E76188501DE0F6CD00589ECC /* Assets.xcassets in Resources */,
				B0DD40531F214EAA009F4274 /* Main.storyboard in Resources */,
				B01518031F2A812400CF1614 /* Scrapbook.storyboard in Resources */,
			);
			runOnlyForDeploymentPostprocessing = 0;
		};
/* End PBXResourcesBuildPhase section */

/* Begin PBXSourcesBuildPhase section */
		E76188411DE0F6CD00589ECC /* Sources */ = {
			isa = PBXSourcesBuildPhase;
			buildActionMask = 2147483647;
			files = (
				B00294701F26904B005B2352 /* Scrapbook+CoreDataClass.swift in Sources */,
				E7F9003B1F3D3FF9000D6054 /* ModelProtocols.swift in Sources */,
				B002946B1F268FD0005B2352 /* CoreDataStack.swift in Sources */,
				E729FF101F341B6C009776BE /* MomentViewController.swift in Sources */,
				B00294691F268DF3005B2352 /* FileSystemHelper.swift in Sources */,
				B00294561F268AFB005B2352 /* Scrapbooks.xcdatamodel in Sources */,
				E729FF121F341C4D009776BE /* MomentTableViewCell.swift in Sources */,
				E729FF1B1F342773009776BE /* ViewCustomizer .swift in Sources */,
				E729FF0F1F341B6C009776BE /* MomentTableViewController.swift in Sources */,
				E729FF191F34260A009776BE /* Fonts.swift in Sources */,
				E76188491DE0F6CD00589ECC /* AppDelegate.swift in Sources */,
				B07150CA1F27A03600866DEE /* Moment+CoreDataProperties.swift in Sources */,
				B023B2B21F21339A00A7A0AB /* ScrapbookViewCell.swift in Sources */,
				B04B6B1C1F22E34B0007892D /* Constants.swift in Sources */,
				E729FF0E1F341B6C009776BE /* BookViewController.swift in Sources */,
				B04B6B1E1F22E3590007892D /* LibraryViewController.swift in Sources */,
				B07150D61F27CA8C00866DEE /* Scrapbook+CoreDataProperties.swift in Sources */,
				B00294721F26904B005B2352 /* Moment+CoreDataClass.swift in Sources */,
				E729FF161F3424A2009776BE /* Colours.swift in Sources */,
			);
			runOnlyForDeploymentPostprocessing = 0;
		};
/* End PBXSourcesBuildPhase section */

/* Begin XCBuildConfiguration section */
		E76188601DE0F6CD00589ECC /* Debug */ = {
			isa = XCBuildConfiguration;
			buildSettings = {
				ALWAYS_SEARCH_USER_PATHS = NO;
				CLANG_ANALYZER_NONNULL = YES;
				CLANG_CXX_LANGUAGE_STANDARD = "gnu++0x";
				CLANG_CXX_LIBRARY = "libc++";
				CLANG_ENABLE_MODULES = YES;
				CLANG_ENABLE_OBJC_ARC = YES;
				CLANG_WARN_BLOCK_CAPTURE_AUTORELEASING = YES;
				CLANG_WARN_BOOL_CONVERSION = YES;
				CLANG_WARN_COMMA = YES;
				CLANG_WARN_CONSTANT_CONVERSION = YES;
				CLANG_WARN_DIRECT_OBJC_ISA_USAGE = YES_ERROR;
				CLANG_WARN_DOCUMENTATION_COMMENTS = YES;
				CLANG_WARN_EMPTY_BODY = YES;
				CLANG_WARN_ENUM_CONVERSION = YES;
				CLANG_WARN_INFINITE_RECURSION = YES;
				CLANG_WARN_INT_CONVERSION = YES;
				CLANG_WARN_NON_LITERAL_NULL_CONVERSION = YES;
				CLANG_WARN_OBJC_LITERAL_CONVERSION = YES;
				CLANG_WARN_OBJC_ROOT_CLASS = YES_ERROR;
				CLANG_WARN_RANGE_LOOP_ANALYSIS = YES;
				CLANG_WARN_STRICT_PROTOTYPES = YES;
				CLANG_WARN_SUSPICIOUS_MOVE = YES;
				CLANG_WARN_SUSPICIOUS_MOVES = YES;
				CLANG_WARN_UNREACHABLE_CODE = YES;
				CLANG_WARN__DUPLICATE_METHOD_MATCH = YES;
				"CODE_SIGN_IDENTITY[sdk=iphoneos*]" = "iPhone Developer";
				COPY_PHASE_STRIP = NO;
				DEBUG_INFORMATION_FORMAT = dwarf;
				ENABLE_STRICT_OBJC_MSGSEND = YES;
				ENABLE_TESTABILITY = YES;
				GCC_C_LANGUAGE_STANDARD = gnu99;
				GCC_DYNAMIC_NO_PIC = NO;
				GCC_NO_COMMON_BLOCKS = YES;
				GCC_OPTIMIZATION_LEVEL = 0;
				GCC_PREPROCESSOR_DEFINITIONS = (
					"DEBUG=1",
					"$(inherited)",
				);
				GCC_WARN_64_TO_32_BIT_CONVERSION = YES;
				GCC_WARN_ABOUT_RETURN_TYPE = YES_ERROR;
				GCC_WARN_UNDECLARED_SELECTOR = YES;
				GCC_WARN_UNINITIALIZED_AUTOS = YES_AGGRESSIVE;
				GCC_WARN_UNUSED_FUNCTION = YES;
				GCC_WARN_UNUSED_VARIABLE = YES;
				IPHONEOS_DEPLOYMENT_TARGET = 10.2;
				MTL_ENABLE_DEBUG_INFO = YES;
				ONLY_ACTIVE_ARCH = YES;
				SDKROOT = iphoneos;
				SWIFT_ACTIVE_COMPILATION_CONDITIONS = DEBUG;
				SWIFT_OPTIMIZATION_LEVEL = "-Onone";
				SWIFT_SWIFT3_OBJC_INFERENCE = Off;
				TARGETED_DEVICE_FAMILY = "1,2";
			};
			name = Debug;
		};
		E76188611DE0F6CD00589ECC /* Release */ = {
			isa = XCBuildConfiguration;
			buildSettings = {
				ALWAYS_SEARCH_USER_PATHS = NO;
				CLANG_ANALYZER_NONNULL = YES;
				CLANG_CXX_LANGUAGE_STANDARD = "gnu++0x";
				CLANG_CXX_LIBRARY = "libc++";
				CLANG_ENABLE_MODULES = YES;
				CLANG_ENABLE_OBJC_ARC = YES;
				CLANG_WARN_BLOCK_CAPTURE_AUTORELEASING = YES;
				CLANG_WARN_BOOL_CONVERSION = YES;
				CLANG_WARN_COMMA = YES;
				CLANG_WARN_CONSTANT_CONVERSION = YES;
				CLANG_WARN_DIRECT_OBJC_ISA_USAGE = YES_ERROR;
				CLANG_WARN_DOCUMENTATION_COMMENTS = YES;
				CLANG_WARN_EMPTY_BODY = YES;
				CLANG_WARN_ENUM_CONVERSION = YES;
				CLANG_WARN_INFINITE_RECURSION = YES;
				CLANG_WARN_INT_CONVERSION = YES;
				CLANG_WARN_NON_LITERAL_NULL_CONVERSION = YES;
				CLANG_WARN_OBJC_LITERAL_CONVERSION = YES;
				CLANG_WARN_OBJC_ROOT_CLASS = YES_ERROR;
				CLANG_WARN_RANGE_LOOP_ANALYSIS = YES;
				CLANG_WARN_STRICT_PROTOTYPES = YES;
				CLANG_WARN_SUSPICIOUS_MOVE = YES;
				CLANG_WARN_SUSPICIOUS_MOVES = YES;
				CLANG_WARN_UNREACHABLE_CODE = YES;
				CLANG_WARN__DUPLICATE_METHOD_MATCH = YES;
				"CODE_SIGN_IDENTITY[sdk=iphoneos*]" = "iPhone Developer";
				COPY_PHASE_STRIP = NO;
				DEBUG_INFORMATION_FORMAT = "dwarf-with-dsym";
				ENABLE_NS_ASSERTIONS = NO;
				ENABLE_STRICT_OBJC_MSGSEND = YES;
				GCC_C_LANGUAGE_STANDARD = gnu99;
				GCC_NO_COMMON_BLOCKS = YES;
				GCC_WARN_64_TO_32_BIT_CONVERSION = YES;
				GCC_WARN_ABOUT_RETURN_TYPE = YES_ERROR;
				GCC_WARN_UNDECLARED_SELECTOR = YES;
				GCC_WARN_UNINITIALIZED_AUTOS = YES_AGGRESSIVE;
				GCC_WARN_UNUSED_FUNCTION = YES;
				GCC_WARN_UNUSED_VARIABLE = YES;
				IPHONEOS_DEPLOYMENT_TARGET = 10.2;
				MTL_ENABLE_DEBUG_INFO = NO;
				SDKROOT = iphoneos;
				SWIFT_OPTIMIZATION_LEVEL = "-Owholemodule";
				SWIFT_SWIFT3_OBJC_INFERENCE = Off;
				TARGETED_DEVICE_FAMILY = "1,2";
				VALIDATE_PRODUCT = YES;
			};
			name = Release;
		};
		E76188631DE0F6CD00589ECC /* Debug */ = {
			isa = XCBuildConfiguration;
			buildSettings = {
				ASSETCATALOG_COMPILER_APPICON_NAME = AppIcon;
				"CODE_SIGN_IDENTITY[sdk=iphoneos*]" = "iPhone Developer";
				DEVELOPMENT_TEAM = 3L34B92962;
				INFOPLIST_FILE = "$(SRCROOT)/Info.plist";
				IPHONEOS_DEPLOYMENT_TARGET = 10.0;
				LD_RUNPATH_SEARCH_PATHS = "$(inherited) @executable_path/Frameworks";
				PRODUCT_BUNDLE_IDENTIFIER = alan.li.testScrapbooks;
				PRODUCT_NAME = "$(TARGET_NAME)";
				SWIFT_SWIFT3_OBJC_INFERENCE = Off;
				SWIFT_VERSION = 3.0;
			};
			name = Debug;
		};
		E76188641DE0F6CD00589ECC /* Release */ = {
			isa = XCBuildConfiguration;
			buildSettings = {
				ASSETCATALOG_COMPILER_APPICON_NAME = AppIcon;
				"CODE_SIGN_IDENTITY[sdk=iphoneos*]" = "iPhone Developer";
				DEVELOPMENT_TEAM = 3L34B92962;
				INFOPLIST_FILE = "$(SRCROOT)/Info.plist";
				IPHONEOS_DEPLOYMENT_TARGET = 10.0;
				LD_RUNPATH_SEARCH_PATHS = "$(inherited) @executable_path/Frameworks";
				PRODUCT_BUNDLE_IDENTIFIER = alan.li.testScrapbooks;
				PRODUCT_NAME = "$(TARGET_NAME)";
				SWIFT_SWIFT3_OBJC_INFERENCE = Off;
				SWIFT_VERSION = 3.0;
			};
			name = Release;
		};
/* End XCBuildConfiguration section */

/* Begin XCConfigurationList section */
		E76188401DE0F6CD00589ECC /* Build configuration list for PBXProject "Scrapbooks" */ = {
			isa = XCConfigurationList;
			buildConfigurations = (
				E76188601DE0F6CD00589ECC /* Debug */,
				E76188611DE0F6CD00589ECC /* Release */,
			);
			defaultConfigurationIsVisible = 0;
			defaultConfigurationName = Release;
		};
		E76188621DE0F6CD00589ECC /* Build configuration list for PBXNativeTarget "Scrapbooks" */ = {
			isa = XCConfigurationList;
			buildConfigurations = (
				E76188631DE0F6CD00589ECC /* Debug */,
				E76188641DE0F6CD00589ECC /* Release */,
			);
			defaultConfigurationIsVisible = 0;
			defaultConfigurationName = Release;
		};
/* End XCConfigurationList section */
	};
	rootObject = E761883D1DE0F6CD00589ECC /* Project object */;
}
